
Microsoft Visual Studio Solution File, Format Version 12.00
# Visual Studio Version 16
VisualStudioVersion = 16.0.32106.194
MinimumVisualStudioVersion = 10.0.40219.1
Project("{2150E333-8FDC-42A3-9474-1A3956D46DE8}") = "src", "src", "{9D6D68E8-2685-4703-B257-A11C276331D8}"
EndProject
Project("{2150E333-8FDC-42A3-9474-1A3956D46DE8}") = "Solution Items", "Solution Items", "{005D8519-4A7C-41E3-8596-AF62B6C25689}"
	ProjectSection(SolutionItems) = preProject
		ServiceUrls.txt = ServiceUrls.txt
	EndProjectSection
EndProject
Project("{2150E333-8FDC-42A3-9474-1A3956D46DE8}") = "APIGateways", "APIGateways", "{C18B55C0-2DBF-49C8-AEF1-CE05A399C1CA}"
EndProject
Project("{2150E333-8FDC-42A3-9474-1A3956D46DE8}") = "BuildingBlocks", "BuildingBlocks", "{CF7FE17E-B140-4DBC-B663-FD14A04FE6E9}"
EndProject
Project("{2150E333-8FDC-42A3-9474-1A3956D46DE8}") = "Services", "Services", "{AF11E596-57A5-4167-B4E9-CC0E315BD9F8}"
EndProject
Project("{2150E333-8FDC-42A3-9474-1A3956D46DE8}") = "Clients", "Clients", "{94308CB3-883A-4771-8E71-259A762288F6}"
EndProject
Project("{2150E333-8FDC-42A3-9474-1A3956D46DE8}") = "WebApiGateway", "WebApiGateway", "{FF643DC3-955D-4CA6-98EA-A56C1E17F16C}"
EndProject
Project("{FAE04EC0-301F-11D3-BF4B-00C04F79EFBC}") = "Web.ApiGateway", "src\APIGateways\WebApiGateway\Web.ApiGateway\Web.ApiGateway.csproj", "{DBD77CBB-4463-4EBD-B94D-B556D19B62CC}"
EndProject
Project("{2150E333-8FDC-42A3-9474-1A3956D46DE8}") = "EventBus", "EventBus", "{42A6FEC0-B5DB-4E40-8A0C-AA4C11344176}"
EndProject
Project("{FAE04EC0-301F-11D3-BF4B-00C04F79EFBC}") = "EventBus.Base", "src\BuildingBlocks\EventBus\EventBus.Base\EventBus.Base.csproj", "{14FB20E6-55F5-41CD-B18D-03F1A965F62B}"
EndProject
Project("{FAE04EC0-301F-11D3-BF4B-00C04F79EFBC}") = "EventBus.Factory", "src\BuildingBlocks\EventBus\EventBus.Factory\EventBus.Factory.csproj", "{B9EABDA7-4A51-4AEA-850F-660187073EDC}"
EndProject
Project("{FAE04EC0-301F-11D3-BF4B-00C04F79EFBC}") = "EventBus.AzureServiceBus", "src\BuildingBlocks\EventBus\EventBus.AzureServiceBus\EventBus.AzureServiceBus.csproj", "{03EAF53B-C43D-4427-9E39-90B56ED317A7}"
EndProject
Project("{FAE04EC0-301F-11D3-BF4B-00C04F79EFBC}") = "EventBus.RabbitMQ", "src\BuildingBlocks\EventBus\EventBus.RabbitMQ\EventBus.RabbitMQ.csproj", "{9E1C74DD-E811-4F78-8BD1-0D9622387544}"
EndProject
Project("{2150E333-8FDC-42A3-9474-1A3956D46DE8}") = "BlazorWebApp", "BlazorWebApp", "{1F7CD1B2-A2FC-42D8-86CA-B605D1F19FDC}"
EndProject
Project("{FAE04EC0-301F-11D3-BF4B-00C04F79EFBC}") = "WebApp", "src\Clients\BlazorWebApp\WebApp\WebApp.csproj", "{FFCB3CBE-95BD-4453-ACB0-1AFCF5805D68}"
EndProject
Project("{2150E333-8FDC-42A3-9474-1A3956D46DE8}") = "BasketService", "BasketService", "{BD9E991B-12AA-4F52-8B96-BA76CC36ED0F}"
EndProject
Project("{FAE04EC0-301F-11D3-BF4B-00C04F79EFBC}") = "BasketService.Api", "src\Services\BasketService\BasketService.Api\BasketService.Api.csproj", "{3B41D034-0BF8-41E9-B6D1-FA247876DCE0}"
EndProject
Project("{2150E333-8FDC-42A3-9474-1A3956D46DE8}") = "CatalogService", "CatalogService", "{887C19E9-12E7-43CF-8688-6D0DE9E5E484}"
EndProject
Project("{FAE04EC0-301F-11D3-BF4B-00C04F79EFBC}") = "CatalogService.Api", "src\Services\CatalogService\CatalogService.Api\CatalogService.Api.csproj", "{F823263E-F771-4689-9450-D357F20328C1}"
EndProject
Project("{2150E333-8FDC-42A3-9474-1A3956D46DE8}") = "IdentityService", "IdentityService", "{D34C995D-3538-4452-AAEB-EDBF70F6502B}"
EndProject
Project("{FAE04EC0-301F-11D3-BF4B-00C04F79EFBC}") = "IdentityService.Api", "src\Services\IdentityService\IdentityService.Api\IdentityService.Api.csproj", "{3C522901-AA42-4B13-AF51-230DAB2CE551}"
EndProject
Project("{2150E333-8FDC-42A3-9474-1A3956D46DE8}") = "NotificationService", "NotificationService", "{48D49624-5606-4D45-89D2-F5D18DEF3D97}"
EndProject
Project("{FAE04EC0-301F-11D3-BF4B-00C04F79EFBC}") = "NotificationService", "src\Services\NotificationService\NotificationService\NotificationService.csproj", "{4B36FE37-1834-4895-A0AE-B49556B50A8D}"
EndProject
Project("{2150E333-8FDC-42A3-9474-1A3956D46DE8}") = "OrderService", "OrderService", "{F03ADC3E-7225-42CC-9CDC-99EE273CFD82}"
EndProject
Project("{FAE04EC0-301F-11D3-BF4B-00C04F79EFBC}") = "OrderService.Domain", "src\Services\OrderService\OrderService.Domain\OrderService.Domain.csproj", "{014CB429-83DD-4BA3-9B07-2DDAADDE59C6}"
EndProject
Project("{FAE04EC0-301F-11D3-BF4B-00C04F79EFBC}") = "OrderService.Application", "src\Services\OrderService\OrderService.Application\OrderService.Application.csproj", "{C69C644D-3B8F-43D4-AB45-6EC326CCD71C}"
EndProject
Project("{FAE04EC0-301F-11D3-BF4B-00C04F79EFBC}") = "OrderService.Infrastructure", "src\Services\OrderService\OrderService.Infrastructure\OrderService.Infrastructure.csproj", "{B4E27520-EA4C-46F9-9198-2DCD728E8E46}"
EndProject
Project("{FAE04EC0-301F-11D3-BF4B-00C04F79EFBC}") = "OrderService.API", "src\Services\OrderService\OrderService.API\OrderService.API.csproj", "{9390FBB5-DFFD-4B11-955D-F8A1BD27DD6D}"
EndProject
Project("{2150E333-8FDC-42A3-9474-1A3956D46DE8}") = "PaymentService", "PaymentService", "{F7499656-828F-4D1C-BB2A-5D2349C08E56}"
EndProject
Project("{FAE04EC0-301F-11D3-BF4B-00C04F79EFBC}") = "PaymentService.API", "src\Services\PaymentService\PaymentService.API\PaymentService.API.csproj", "{6673959D-F209-466F-9920-AC3D6638566B}"
EndProject
Global
	GlobalSection(SolutionConfigurationPlatforms) = preSolution
		Debug|Any CPU = Debug|Any CPU
		Release|Any CPU = Release|Any CPU
	EndGlobalSection
	GlobalSection(ProjectConfigurationPlatforms) = postSolution
		{DBD77CBB-4463-4EBD-B94D-B556D19B62CC}.Debug|Any CPU.ActiveCfg = Debug|Any CPU
		{DBD77CBB-4463-4EBD-B94D-B556D19B62CC}.Debug|Any CPU.Build.0 = Debug|Any CPU
		{DBD77CBB-4463-4EBD-B94D-B556D19B62CC}.Release|Any CPU.ActiveCfg = Release|Any CPU
		{DBD77CBB-4463-4EBD-B94D-B556D19B62CC}.Release|Any CPU.Build.0 = Release|Any CPU
		{14FB20E6-55F5-41CD-B18D-03F1A965F62B}.Debug|Any CPU.ActiveCfg = Debug|Any CPU
		{14FB20E6-55F5-41CD-B18D-03F1A965F62B}.Debug|Any CPU.Build.0 = Debug|Any CPU
		{14FB20E6-55F5-41CD-B18D-03F1A965F62B}.Release|Any CPU.ActiveCfg = Release|Any CPU
		{14FB20E6-55F5-41CD-B18D-03F1A965F62B}.Release|Any CPU.Build.0 = Release|Any CPU
		{B9EABDA7-4A51-4AEA-850F-660187073EDC}.Debug|Any CPU.ActiveCfg = Debug|Any CPU
		{B9EABDA7-4A51-4AEA-850F-660187073EDC}.Debug|Any CPU.Build.0 = Debug|Any CPU
		{B9EABDA7-4A51-4AEA-850F-660187073EDC}.Release|Any CPU.ActiveCfg = Release|Any CPU
		{B9EABDA7-4A51-4AEA-850F-660187073EDC}.Release|Any CPU.Build.0 = Release|Any CPU
		{03EAF53B-C43D-4427-9E39-90B56ED317A7}.Debug|Any CPU.ActiveCfg = Debug|Any CPU
		{03EAF53B-C43D-4427-9E39-90B56ED317A7}.Debug|Any CPU.Build.0 = Debug|Any CPU
		{03EAF53B-C43D-4427-9E39-90B56ED317A7}.Release|Any CPU.ActiveCfg = Release|Any CPU
		{03EAF53B-C43D-4427-9E39-90B56ED317A7}.Release|Any CPU.Build.0 = Release|Any CPU
		{9E1C74DD-E811-4F78-8BD1-0D9622387544}.Debug|Any CPU.ActiveCfg = Debug|Any CPU
		{9E1C74DD-E811-4F78-8BD1-0D9622387544}.Debug|Any CPU.Build.0 = Debug|Any CPU
		{9E1C74DD-E811-4F78-8BD1-0D9622387544}.Release|Any CPU.ActiveCfg = Release|Any CPU
		{9E1C74DD-E811-4F78-8BD1-0D9622387544}.Release|Any CPU.Build.0 = Release|Any CPU
		{FFCB3CBE-95BD-4453-ACB0-1AFCF5805D68}.Debug|Any CPU.ActiveCfg = Debug|Any CPU
		{FFCB3CBE-95BD-4453-ACB0-1AFCF5805D68}.Debug|Any CPU.Build.0 = Debug|Any CPU
		{FFCB3CBE-95BD-4453-ACB0-1AFCF5805D68}.Release|Any CPU.ActiveCfg = Release|Any CPU
		{FFCB3CBE-95BD-4453-ACB0-1AFCF5805D68}.Release|Any CPU.Build.0 = Release|Any CPU
		{3B41D034-0BF8-41E9-B6D1-FA247876DCE0}.Debug|Any CPU.ActiveCfg = Debug|Any CPU
		{3B41D034-0BF8-41E9-B6D1-FA247876DCE0}.Debug|Any CPU.Build.0 = Debug|Any CPU
		{3B41D034-0BF8-41E9-B6D1-FA247876DCE0}.Release|Any CPU.ActiveCfg = Release|Any CPU
		{3B41D034-0BF8-41E9-B6D1-FA247876DCE0}.Release|Any CPU.Build.0 = Release|Any CPU
		{F823263E-F771-4689-9450-D357F20328C1}.Debug|Any CPU.ActiveCfg = Debug|Any CPU
		{F823263E-F771-4689-9450-D357F20328C1}.Debug|Any CPU.Build.0 = Debug|Any CPU
		{F823263E-F771-4689-9450-D357F20328C1}.Release|Any CPU.ActiveCfg = Release|Any CPU
		{F823263E-F771-4689-9450-D357F20328C1}.Release|Any CPU.Build.0 = Release|Any CPU
		{3C522901-AA42-4B13-AF51-230DAB2CE551}.Debug|Any CPU.ActiveCfg = Debug|Any CPU
		{3C522901-AA42-4B13-AF51-230DAB2CE551}.Debug|Any CPU.Build.0 = Debug|Any CPU
		{3C522901-AA42-4B13-AF51-230DAB2CE551}.Release|Any CPU.ActiveCfg = Release|Any CPU
		{3C522901-AA42-4B13-AF51-230DAB2CE551}.Release|Any CPU.Build.0 = Release|Any CPU
		{4B36FE37-1834-4895-A0AE-B49556B50A8D}.Debug|Any CPU.ActiveCfg = Debug|Any CPU
		{4B36FE37-1834-4895-A0AE-B49556B50A8D}.Debug|Any CPU.Build.0 = Debug|Any CPU
		{4B36FE37-1834-4895-A0AE-B49556B50A8D}.Release|Any CPU.ActiveCfg = Release|Any CPU
		{4B36FE37-1834-4895-A0AE-B49556B50A8D}.Release|Any CPU.Build.0 = Release|Any CPU
		{014CB429-83DD-4BA3-9B07-2DDAADDE59C6}.Debug|Any CPU.ActiveCfg = Debug|Any CPU
		{014CB429-83DD-4BA3-9B07-2DDAADDE59C6}.Debug|Any CPU.Build.0 = Debug|Any CPU
		{014CB429-83DD-4BA3-9B07-2DDAADDE59C6}.Release|Any CPU.ActiveCfg = Release|Any CPU
		{014CB429-83DD-4BA3-9B07-2DDAADDE59C6}.Release|Any CPU.Build.0 = Release|Any CPU
		{C69C644D-3B8F-43D4-AB45-6EC326CCD71C}.Debug|Any CPU.ActiveCfg = Debug|Any CPU
		{C69C644D-3B8F-43D4-AB45-6EC326CCD71C}.Debug|Any CPU.Build.0 = Debug|Any CPU
		{C69C644D-3B8F-43D4-AB45-6EC326CCD71C}.Release|Any CPU.ActiveCfg = Release|Any CPU
		{C69C644D-3B8F-43D4-AB45-6EC326CCD71C}.Release|Any CPU.Build.0 = Release|Any CPU
		{B4E27520-EA4C-46F9-9198-2DCD728E8E46}.Debug|Any CPU.ActiveCfg = Debug|Any CPU
		{B4E27520-EA4C-46F9-9198-2DCD728E8E46}.Debug|Any CPU.Build.0 = Debug|Any CPU
		{B4E27520-EA4C-46F9-9198-2DCD728E8E46}.Release|Any CPU.ActiveCfg = Release|Any CPU
		{B4E27520-EA4C-46F9-9198-2DCD728E8E46}.Release|Any CPU.Build.0 = Release|Any CPU
		{9390FBB5-DFFD-4B11-955D-F8A1BD27DD6D}.Debug|Any CPU.ActiveCfg = Debug|Any CPU
		{9390FBB5-DFFD-4B11-955D-F8A1BD27DD6D}.Debug|Any CPU.Build.0 = Debug|Any CPU
		{9390FBB5-DFFD-4B11-955D-F8A1BD27DD6D}.Release|Any CPU.ActiveCfg = Release|Any CPU
		{9390FBB5-DFFD-4B11-955D-F8A1BD27DD6D}.Release|Any CPU.Build.0 = Release|Any CPU
		{6673959D-F209-466F-9920-AC3D6638566B}.Debug|Any CPU.ActiveCfg = Debug|Any CPU
		{6673959D-F209-466F-9920-AC3D6638566B}.Debug|Any CPU.Build.0 = Debug|Any CPU
		{6673959D-F209-466F-9920-AC3D6638566B}.Release|Any CPU.ActiveCfg = Release|Any CPU
		{6673959D-F209-466F-9920-AC3D6638566B}.Release|Any CPU.Build.0 = Release|Any CPU
	EndGlobalSection
	GlobalSection(SolutionProperties) = preSolution
		HideSolutionNode = FALSE
	EndGlobalSection
	GlobalSection(NestedProjects) = preSolution
		{C18B55C0-2DBF-49C8-AEF1-CE05A399C1CA} = {9D6D68E8-2685-4703-B257-A11C276331D8}
		{CF7FE17E-B140-4DBC-B663-FD14A04FE6E9} = {9D6D68E8-2685-4703-B257-A11C276331D8}
		{AF11E596-57A5-4167-B4E9-CC0E315BD9F8} = {9D6D68E8-2685-4703-B257-A11C276331D8}
		{94308CB3-883A-4771-8E71-259A762288F6} = {9D6D68E8-2685-4703-B257-A11C276331D8}
		{FF643DC3-955D-4CA6-98EA-A56C1E17F16C} = {C18B55C0-2DBF-49C8-AEF1-CE05A399C1CA}
		{DBD77CBB-4463-4EBD-B94D-B556D19B62CC} = {FF643DC3-955D-4CA6-98EA-A56C1E17F16C}
		{42A6FEC0-B5DB-4E40-8A0C-AA4C11344176} = {CF7FE17E-B140-4DBC-B663-FD14A04FE6E9}
		{14FB20E6-55F5-41CD-B18D-03F1A965F62B} = {42A6FEC0-B5DB-4E40-8A0C-AA4C11344176}
		{B9EABDA7-4A51-4AEA-850F-660187073EDC} = {42A6FEC0-B5DB-4E40-8A0C-AA4C11344176}
		{03EAF53B-C43D-4427-9E39-90B56ED317A7} = {42A6FEC0-B5DB-4E40-8A0C-AA4C11344176}
		{9E1C74DD-E811-4F78-8BD1-0D9622387544} = {42A6FEC0-B5DB-4E40-8A0C-AA4C11344176}
		{1F7CD1B2-A2FC-42D8-86CA-B605D1F19FDC} = {94308CB3-883A-4771-8E71-259A762288F6}
		{FFCB3CBE-95BD-4453-ACB0-1AFCF5805D68} = {1F7CD1B2-A2FC-42D8-86CA-B605D1F19FDC}
		{BD9E991B-12AA-4F52-8B96-BA76CC36ED0F} = {AF11E596-57A5-4167-B4E9-CC0E315BD9F8}
		{3B41D034-0BF8-41E9-B6D1-FA247876DCE0} = {BD9E991B-12AA-4F52-8B96-BA76CC36ED0F}
		{887C19E9-12E7-43CF-8688-6D0DE9E5E484} = {AF11E596-57A5-4167-B4E9-CC0E315BD9F8}
		{F823263E-F771-4689-9450-D357F20328C1} = {887C19E9-12E7-43CF-8688-6D0DE9E5E484}
		{D34C995D-3538-4452-AAEB-EDBF70F6502B} = {AF11E596-57A5-4167-B4E9-CC0E315BD9F8}
		{3C522901-AA42-4B13-AF51-230DAB2CE551} = {D34C995D-3538-4452-AAEB-EDBF70F6502B}
		{48D49624-5606-4D45-89D2-F5D18DEF3D97} = {AF11E596-57A5-4167-B4E9-CC0E315BD9F8}
		{4B36FE37-1834-4895-A0AE-B49556B50A8D} = {48D49624-5606-4D45-89D2-F5D18DEF3D97}
		{F03ADC3E-7225-42CC-9CDC-99EE273CFD82} = {AF11E596-57A5-4167-B4E9-CC0E315BD9F8}
		{014CB429-83DD-4BA3-9B07-2DDAADDE59C6} = {F03ADC3E-7225-42CC-9CDC-99EE273CFD82}
		{C69C644D-3B8F-43D4-AB45-6EC326CCD71C} = {F03ADC3E-7225-42CC-9CDC-99EE273CFD82}
		{B4E27520-EA4C-46F9-9198-2DCD728E8E46} = {F03ADC3E-7225-42CC-9CDC-99EE273CFD82}
		{9390FBB5-DFFD-4B11-955D-F8A1BD27DD6D} = {F03ADC3E-7225-42CC-9CDC-99EE273CFD82}
		{F7499656-828F-4D1C-BB2A-5D2349C08E56} = {AF11E596-57A5-4167-B4E9-CC0E315BD9F8}
		{6673959D-F209-466F-9920-AC3D6638566B} = {F7499656-828F-4D1C-BB2A-5D2349C08E56}
	EndGlobalSection
	GlobalSection(ExtensibilityGlobals) = postSolution
		SolutionGuid = {BC2E7142-6B0B-4CF9-97EF-264DF3CC97E7}
	EndGlobalSection
EndGlobal
